
Microsoft Visual Studio Solution File, Format Version 12.00
# Visual Studio Version 17
VisualStudioVersion = 17.9.34714.143
MinimumVisualStudioVersion = 10.0.40219.1
Project("{E24C65DC-7377-472B-9ABA-BC803B73C61A}") = "Hairmic", ".", "{9E4CD42B-AAE0-4F75-870A-9402256146DE}"
	ProjectSection(WebsiteProperties) = preProject
		TargetFrameworkMoniker = ".NETFramework,Version%3Dv4.8"
		Debug.AspNetCompiler.VirtualPath = "/localhost_50484"
		Debug.AspNetCompiler.PhysicalPath = "..\Hairmic\"
		Debug.AspNetCompiler.TargetPath = "PrecompiledWeb\localhost_50484\"
		Debug.AspNetCompiler.Updateable = "true"
		Debug.AspNetCompiler.ForceOverwrite = "true"
		Debug.AspNetCompiler.FixedNames = "false"
		Debug.AspNetCompiler.Debug = "True"
		Release.AspNetCompiler.VirtualPath = "/localhost_50484"
		Release.AspNetCompiler.PhysicalPath = "..\Hairmic\"
		Release.AspNetCompiler.TargetPath = "PrecompiledWeb\localhost_50484\"
		Release.AspNetCompiler.Updateable = "true"
		Release.AspNetCompiler.ForceOverwrite = "true"
		Release.AspNetCompiler.FixedNames = "false"
		Release.AspNetCompiler.Debug = "False"
		VWDPort = "50484"
		SlnRelativePath = "..\Hairmic\"
	EndProjectSection
EndProject
Global
	GlobalSection(SolutionConfigurationPlatforms) = preSolution
		Debug|Any CPU = Debug|Any CPU
	EndGlobalSection
	GlobalSection(ProjectConfigurationPlatforms) = postSolution
		{9E4CD42B-AAE0-4F75-870A-9402256146DE}.Debug|Any CPU.ActiveCfg = Debug|Any CPU
		{9E4CD42B-AAE0-4F75-870A-9402256146DE}.Debug|Any CPU.Build.0 = Debug|Any CPU
	EndGlobalSection
	GlobalSection(SolutionProperties) = preSolution
		HideSolutionNode = FALSE
	EndGlobalSection
	GlobalSection(ExtensibilityGlobals) = postSolution
		SolutionGuid = {8139103C-498C-41B0-8A2C-9E672B101F8C}
	EndGlobalSection
EndGlobal
